
Microsoft Visual Studio Solution File, Format Version 12.00
# Visual Studio 15
VisualStudioVersion = 15.0.27705.2000
MinimumVisualStudioVersion = 10.0.40219.1
Project("{FAE04EC0-301F-11D3-BF4B-00C04F79EFBC}") = "Recompress", "Recompress\Recompress.csproj", "{E7F9324D-B648-40B8-A511-1D05786B9868}"
EndProject
Global
	GlobalSection(SolutionConfigurationPlatforms) = preSolution
		Debug|Any CPU = Debug|Any CPU
		Release|Any CPU = Release|Any CPU
	EndGlobalSection
	GlobalSection(ProjectConfigurationPlatforms) = postSolution
		{E7F9324D-B648-40B8-A511-1D05786B9868}.Debug|Any CPU.ActiveCfg = Debug|Any CPU
		{E7F9324D-B648-40B8-A511-1D05786B9868}.Debug|Any CPU.Build.0 = Debug|Any CPU
		{E7F9324D-B648-40B8-A511-1D05786B9868}.Release|Any CPU.ActiveCfg = Release|Any CPU
		{E7F9324D-B648-40B8-A511-1D05786B9868}.Release|Any CPU.Build.0 = Release|Any CPU
	EndGlobalSection
	GlobalSection(SolutionProperties) = preSolution
		HideSolutionNode = FALSE
	EndGlobalSection
	GlobalSection(ExtensibilityGlobals) = postSolution
		SolutionGuid = {44404A0D-8A72-4EC9-9E47-74C08AA7DE5F}
	EndGlobalSection
EndGlobal
